// !$*UTF8*$!
{
	archiveVersion = 1;
	classes = {
	};
	objectVersion = 46;
	objects = {

/* Begin PBXBuildFile section */
		A71AFBDC1E7D260E007417B9 /* BGNativeModulePermission.m in Sources */ = {isa = PBXBuildFile; fileRef = A71AFBDB1E7D260E007417B9 /* BGNativeModulePermission.m */; };
		A71AFBDD1E7D260E007417B9 /* BGNativeModulePermission.h in CopyFiles */ = {isa = PBXBuildFile; fileRef = A71AFBDA1E7D260E007417B9 /* BGNativeModulePermission.h */; };
/* End PBXBuildFile section */

/* Begin PBXCopyFilesBuildPhase section */
		A71AFBD51E7D260E007417B9 /* CopyFiles */ = {
			isa = PBXCopyFilesBuildPhase;
			buildActionMask = 2147483647;
			dstPath = "include/$(PRODUCT_NAME)";
			dstSubfolderSpec = 16;
			files = (
				A71AFBDD1E7D260E007417B9 /* BGNativeModulePermission.h in CopyFiles */,
			);
			runOnlyForDeploymentPostprocessing = 0;
		};
/* End PBXCopyFilesBuildPhase section */

/* Begin PBXFileReference section */
		A71AFBD71E7D260E007417B9 /* libBGNativeModulePermission.a */ = {isa = PBXFileReference; explicitFileType = archive.ar; includeInIndex = 0; path = libBGNativeModulePermission.a; sourceTree = BUILT_PRODUCTS_DIR; };
		A71AFBDA1E7D260E007417B9 /* BGNativeModulePermission.h */ = {isa = PBXFileReference; lastKnownFileType = sourcecode.c.h; path = BGNativeModulePermission.h; sourceTree = "<group>"; };
		A71AFBDB1E7D260E007417B9 /* BGNativeModulePermission.m */ = {isa = PBXFileReference; lastKnownFileType = sourcecode.c.objc; path = BGNativeModulePermission.m; sourceTree = "<group>"; };
		A7EF443B1E7D2E210041426A /* BGNativeModulePermission.h */ = {isa = PBXFileReference; fileEncoding = 4; lastKnownFileType = sourcecode.c.h; name = BGNativeModulePermission.h; path = "../../../Permisson/node_modules/react-native-BGNativeModulePermission/ios/BGNativeModulePermission/BGNativeModulePermission.h"; sourceTree = "<group>"; };
/* End PBXFileReference section */

/* Begin PBXFrameworksBuildPhase section */
		A71AFBD41E7D260E007417B9 /* Frameworks */ = {
			isa = PBXFrameworksBuildPhase;
			buildActionMask = 2147483647;
			files = (
			);
			runOnlyForDeploymentPostprocessing = 0;
		};
/* End PBXFrameworksBuildPhase section */

/* Begin PBXGroup section */
		A71AFBCE1E7D260E007417B9 = {
			isa = PBXGroup;
			children = (
				A71AFBD91E7D260E007417B9 /* BGNativeModulePermission */,
				A71AFBD81E7D260E007417B9 /* Products */,
			);
			sourceTree = "<group>";
		};
		A71AFBD81E7D260E007417B9 /* Products */ = {
			isa = PBXGroup;
			children = (
				A71AFBD71E7D260E007417B9 /* libBGNativeModulePermission.a */,
			);
			name = Products;
			sourceTree = "<group>";
		};
		A71AFBD91E7D260E007417B9 /* BGNativeModulePermission */ = {
			isa = PBXGroup;
			children = (
				A71AFBDA1E7D260E007417B9 /* BGNativeModulePermission.h */,
				A7EF443B1E7D2E210041426A /* BGNativeModulePermission.h */,
				A71AFBDB1E7D260E007417B9 /* BGNativeModulePermission.m */,
			);
			path = BGNativeModulePermission;
			sourceTree = "<group>";
		};
/* End PBXGroup section */

/* Begin PBXNativeTarget section */
		A71AFBD61E7D260E007417B9 /* BGNativeModulePermission */ = {
			isa = PBXNativeTarget;
			buildConfigurationList = A71AFBE01E7D260E007417B9 /* Build configuration list for PBXNativeTarget "BGNativeModulePermission" */;
			buildPhases = (
				A71AFBD31E7D260E007417B9 /* Sources */,
				A71AFBD41E7D260E007417B9 /* Frameworks */,
				A71AFBD51E7D260E007417B9 /* CopyFiles */,
			);
			buildRules = (
			);
			dependencies = (
			);
			name = BGNativeModulePermission;
			productName = BGNativeModulePermission;
			productReference = A71AFBD71E7D260E007417B9 /* libBGNativeModulePermission.a */;
			productType = "com.apple.product-type.library.static";
		};
/* End PBXNativeTarget section */

/* Begin PBXProject section */
		A71AFBCF1E7D260E007417B9 /* Project object */ = {
			isa = PBXProject;
			attributes = {
				LastUpgradeCheck = 0820;
				ORGANIZATIONNAME = leonardo;
				TargetAttributes = {
					A71AFBD61E7D260E007417B9 = {
						CreatedOnToolsVersion = 8.2.1;
						ProvisioningStyle = Automatic;
					};
				};
			};
			buildConfigurationList = A71AFBD21E7D260E007417B9 /* Build configuration list for PBXProject "BGNativeModulePermission" */;
			compatibilityVersion = "Xcode 3.2";
			developmentRegion = English;
			hasScannedForEncodings = 0;
			knownRegions = (
				en,
			);
			mainGroup = A71AFBCE1E7D260E007417B9;
			productRefGroup = A71AFBD81E7D260E007417B9 /* Products */;
			projectDirPath = "";
			projectRoot = "";
			targets = (
				A71AFBD61E7D260E007417B9 /* BGNativeModulePermission */,
			);
		};
/* End PBXProject section */

/* Begin PBXSourcesBuildPhase section */
		A71AFBD31E7D260E007417B9 /* Sources */ = {
			isa = PBXSourcesBuildPhase;
			buildActionMask = 2147483647;
			files = (
				A71AFBDC1E7D260E007417B9 /* BGNativeModulePermission.m in Sources */,
			);
			runOnlyForDeploymentPostprocessing = 0;
		};
/* End PBXSourcesBuildPhase section */

/* Begin XCBuildConfiguration section */
		A71AFBDE1E7D260E007417B9 /* Debug */ = {
			isa = XCBuildConfiguration;
			buildSettings = {
				ALWAYS_SEARCH_USER_PATHS = NO;
				CLANG_ANALYZER_NONNULL = YES;
				CLANG_CXX_LANGUAGE_STANDARD = "gnu++0x";
				CLANG_CXX_LIBRARY = "libc++";
				CLANG_ENABLE_MODULES = YES;
				CLANG_ENABLE_OBJC_ARC = YES;
				CLANG_WARN_BOOL_CONVERSION = YES;
				CLANG_WARN_CONSTANT_CONVERSION = YES;
				CLANG_WARN_DIRECT_OBJC_ISA_USAGE = YES_ERROR;
				CLANG_WARN_DOCUMENTATION_COMMENTS = YES;
				CLANG_WARN_EMPTY_BODY = YES;
				CLANG_WARN_ENUM_CONVERSION = YES;
				CLANG_WARN_INFINITE_RECURSION = YES;
				CLANG_WARN_INT_CONVERSION = YES;
				CLANG_WARN_OBJC_ROOT_CLASS = YES_ERROR;
				CLANG_WARN_SUSPICIOUS_MOVE = YES;
				CLANG_WARN_UNREACHABLE_CODE = YES;
				CLANG_WARN__DUPLICATE_METHOD_MATCH = YES;
				"CODE_SIGN_IDENTITY[sdk=iphoneos*]" = "iPhone Developer";
				COPY_PHASE_STRIP = NO;
				DEBUG_INFORMATION_FORMAT = dwarf;
				ENABLE_STRICT_OBJC_MSGSEND = YES;
				ENABLE_TESTABILITY = YES;
				GCC_C_LANGUAGE_STANDARD = gnu99;
				GCC_DYNAMIC_NO_PIC = NO;
				GCC_NO_COMMON_BLOCKS = YES;
				GCC_OPTIMIZATION_LEVEL = 0;
				GCC_PREPROCESSOR_DEFINITIONS = (
					"DEBUG=1",
					"$(inherited)",
				);
				GCC_WARN_64_TO_32_BIT_CONVERSION = YES;
				GCC_WARN_ABOUT_RETURN_TYPE = YES_ERROR;
				GCC_WARN_UNDECLARED_SELECTOR = YES;
				GCC_WARN_UNINITIALIZED_AUTOS = YES_AGGRESSIVE;
				GCC_WARN_UNUSED_FUNCTION = YES;
				GCC_WARN_UNUSED_VARIABLE = YES;
				IPHONEOS_DEPLOYMENT_TARGET = 10.2;
				MTL_ENABLE_DEBUG_INFO = YES;
				ONLY_ACTIVE_ARCH = YES;
				SDKROOT = iphoneos;
			};
			name = Debug;
		};
		A71AFBDF1E7D260E007417B9 /* Release */ = {
			isa = XCBuildConfiguration;
			buildSettings = {
				ALWAYS_SEARCH_USER_PATHS = NO;
				CLANG_ANALYZER_NONNULL = YES;
				CLANG_CXX_LANGUAGE_STANDARD = "gnu++0x";
				CLANG_CXX_LIBRARY = "libc++";
				CLANG_ENABLE_MODULES = YES;
				CLANG_ENABLE_OBJC_ARC = YES;
				CLANG_WARN_BOOL_CONVERSION = YES;
				CLANG_WARN_CONSTANT_CONVERSION = YES;
				CLANG_WARN_DIRECT_OBJC_ISA_USAGE = YES_ERROR;
				CLANG_WARN_DOCUMENTATION_COMMENTS = YES;
				CLANG_WARN_EMPTY_BODY = YES;
				CLANG_WARN_ENUM_CONVERSION = YES;
				CLANG_WARN_INFINITE_RECURSION = YES;
				CLANG_WARN_INT_CONVERSION = YES;
				CLANG_WARN_OBJC_ROOT_CLASS = YES_ERROR;
				CLANG_WARN_SUSPICIOUS_MOVE = YES;
				CLANG_WARN_UNREACHABLE_CODE = YES;
				CLANG_WARN__DUPLICATE_METHOD_MATCH = YES;
				"CODE_SIGN_IDENTITY[sdk=iphoneos*]" = "iPhone Developer";
				COPY_PHASE_STRIP = NO;
				DEBUG_INFORMATION_FORMAT = "dwarf-with-dsym";
				ENABLE_NS_ASSERTIONS = NO;
				ENABLE_STRICT_OBJC_MSGSEND = YES;
				GCC_C_LANGUAGE_STANDARD = gnu99;
				GCC_NO_COMMON_BLOCKS = YES;
				GCC_WARN_64_TO_32_BIT_CONVERSION = YES;
				GCC_WARN_ABOUT_RETURN_TYPE = YES_ERROR;
				GCC_WARN_UNDECLARED_SELECTOR = YES;
				GCC_WARN_UNINITIALIZED_AUTOS = YES_AGGRESSIVE;
				GCC_WARN_UNUSED_FUNCTION = YES;
				GCC_WARN_UNUSED_VARIABLE = YES;
				IPHONEOS_DEPLOYMENT_TARGET = 10.2;
				MTL_ENABLE_DEBUG_INFO = NO;
				SDKROOT = iphoneos;
				VALIDATE_PRODUCT = YES;
			};
			name = Release;
		};
		A71AFBE11E7D260E007417B9 /* Debug */ = {
			isa = XCBuildConfiguration;
			buildSettings = {
				HEADER_SEARCH_PATHS = "$(SRCROOT)/../../react-native/React/**";
				OTHER_LDFLAGS = "-ObjC";
				PRODUCT_NAME = "$(TARGET_NAME)";
				SKIP_INSTALL = YES;
			};
			name = Debug;
		};
		A71AFBE21E7D260E007417B9 /* Release */ = {
			isa = XCBuildConfiguration;
			buildSettings = {
				HEADER_SEARCH_PATHS = "$(SRCROOT)/../../react-native/React/**";
				OTHER_LDFLAGS = "-ObjC";
				PRODUCT_NAME = "$(TARGET_NAME)";
				SKIP_INSTALL = YES;
			};
			name = Release;
		};
/* End XCBuildConfiguration section */

/* Begin XCConfigurationList section */
		A71AFBD21E7D260E007417B9 /* Build configuration list for PBXProject "BGNativeModulePermission" */ = {
			isa = XCConfigurationList;
			buildConfigurations = (
				A71AFBDE1E7D260E007417B9 /* Debug */,
				A71AFBDF1E7D260E007417B9 /* Release */,
			);
			defaultConfigurationIsVisible = 0;
			defaultConfigurationName = Release;
		};
		A71AFBE01E7D260E007417B9 /* Build configuration list for PBXNativeTarget "BGNativeModulePermission" */ = {
			isa = XCConfigurationList;
			buildConfigurations = (
				A71AFBE11E7D260E007417B9 /* Debug */,
				A71AFBE21E7D260E007417B9 /* Release */,
			);
			defaultConfigurationIsVisible = 0;
			defaultConfigurationName = Release;
		};
/* End XCConfigurationList section */
	};
	rootObject = A71AFBCF1E7D260E007417B9 /* Project object */;
}
